
Microsoft Visual Studio Solution File, Format Version 12.00
Project("{2150E333-8FDC-42A3-9474-1A3956D46DE8}") = "src", "src", "{827E0CD3-B72D-47B6-A68D-7590B98EB39B}"
EndProject
Project("{FAE04EC0-301F-11D3-BF4B-00C04F79EFBC}") = "Spendly.Api", "src\Spendly.Api\Spendly.Api.csproj", "{352D31A7-6967-4151-B819-2AFB323E9B6A}"
EndProject
Project("{FAE04EC0-301F-11D3-BF4B-00C04F79EFBC}") = "Spendly.Domain", "src\Spendly.Domain\Spendly.Domain.csproj", "{EA0D33CB-9AA1-4EBB-9E65-39C74FE1A82E}"
EndProject
Project("{FAE04EC0-301F-11D3-BF4B-00C04F79EFBC}") = "Spendly.Application", "src\Spendly.Application\Spendly.Application.csproj", "{76BE66A6-C5D0-4076-AC1E-4EDE54EFA61C}"
EndProject
Project("{FAE04EC0-301F-11D3-BF4B-00C04F79EFBC}") = "Spendly.Infrastructure", "src\Spendly.Infrastructure\Spendly.Infrastructure.csproj", "{CC053C29-93A0-4554-9C47-3993DEA8983B}"
EndProject
Project("{FAE04EC0-301F-11D3-BF4B-00C04F79EFBC}") = "Spendly.Worker", "src\Spendly.Worker\Spendly.Worker.csproj", "{055A0092-8829-4012-A503-2AD37BC13EE6}"
EndProject
Project("{2150E333-8FDC-42A3-9474-1A3956D46DE8}") = "tests", "tests", "{0AB3BF05-4346-4AA6-1389-037BE0695223}"
EndProject
Project("{FAE04EC0-301F-11D3-BF4B-00C04F79EFBC}") = "Spendly.UnitTests", "tests\Spendly.UnitTests\Spendly.UnitTests.csproj", "{4B80E0A6-7C9F-4FBA-A2CD-49300A08B5CC}"
EndProject
Project("{FAE04EC0-301F-11D3-BF4B-00C04F79EFBC}") = "Spendly.IntegrationTests", "tests\Spendly.IntegrationTests\Spendly.IntegrationTests.csproj", "{012E0D37-1AE9-4834-B526-EDA78BA4EB96}"
EndProject
Global
	GlobalSection(SolutionConfigurationPlatforms) = preSolution
		Debug|Any CPU = Debug|Any CPU
		Debug|x64 = Debug|x64
		Debug|x86 = Debug|x86
		Release|Any CPU = Release|Any CPU
		Release|x64 = Release|x64
		Release|x86 = Release|x86
	EndGlobalSection
	GlobalSection(ProjectConfigurationPlatforms) = postSolution
		{352D31A7-6967-4151-B819-2AFB323E9B6A}.Debug|Any CPU.ActiveCfg = Debug|Any CPU
		{352D31A7-6967-4151-B819-2AFB323E9B6A}.Debug|Any CPU.Build.0 = Debug|Any CPU
		{352D31A7-6967-4151-B819-2AFB323E9B6A}.Debug|x64.ActiveCfg = Debug|Any CPU
		{352D31A7-6967-4151-B819-2AFB323E9B6A}.Debug|x64.Build.0 = Debug|Any CPU
		{352D31A7-6967-4151-B819-2AFB323E9B6A}.Debug|x86.ActiveCfg = Debug|Any CPU
		{352D31A7-6967-4151-B819-2AFB323E9B6A}.Debug|x86.Build.0 = Debug|Any CPU
		{352D31A7-6967-4151-B819-2AFB323E9B6A}.Release|Any CPU.ActiveCfg = Release|Any CPU
		{352D31A7-6967-4151-B819-2AFB323E9B6A}.Release|Any CPU.Build.0 = Release|Any CPU
		{352D31A7-6967-4151-B819-2AFB323E9B6A}.Release|x64.ActiveCfg = Release|Any CPU
		{352D31A7-6967-4151-B819-2AFB323E9B6A}.Release|x64.Build.0 = Release|Any CPU
		{352D31A7-6967-4151-B819-2AFB323E9B6A}.Release|x86.ActiveCfg = Release|Any CPU
		{352D31A7-6967-4151-B819-2AFB323E9B6A}.Release|x86.Build.0 = Release|Any CPU
		{EA0D33CB-9AA1-4EBB-9E65-39C74FE1A82E}.Debug|Any CPU.ActiveCfg = Debug|Any CPU
		{EA0D33CB-9AA1-4EBB-9E65-39C74FE1A82E}.Debug|Any CPU.Build.0 = Debug|Any CPU
		{EA0D33CB-9AA1-4EBB-9E65-39C74FE1A82E}.Debug|x64.ActiveCfg = Debug|Any CPU
		{EA0D33CB-9AA1-4EBB-9E65-39C74FE1A82E}.Debug|x64.Build.0 = Debug|Any CPU
		{EA0D33CB-9AA1-4EBB-9E65-39C74FE1A82E}.Debug|x86.ActiveCfg = Debug|Any CPU
		{EA0D33CB-9AA1-4EBB-9E65-39C74FE1A82E}.Debug|x86.Build.0 = Debug|Any CPU
		{EA0D33CB-9AA1-4EBB-9E65-39C74FE1A82E}.Release|Any CPU.ActiveCfg = Release|Any CPU
		{EA0D33CB-9AA1-4EBB-9E65-39C74FE1A82E}.Release|Any CPU.Build.0 = Release|Any CPU
		{EA0D33CB-9AA1-4EBB-9E65-39C74FE1A82E}.Release|x64.ActiveCfg = Release|Any CPU
		{EA0D33CB-9AA1-4EBB-9E65-39C74FE1A82E}.Release|x64.Build.0 = Release|Any CPU
		{EA0D33CB-9AA1-4EBB-9E65-39C74FE1A82E}.Release|x86.ActiveCfg = Release|Any CPU
		{EA0D33CB-9AA1-4EBB-9E65-39C74FE1A82E}.Release|x86.Build.0 = Release|Any CPU
		{76BE66A6-C5D0-4076-AC1E-4EDE54EFA61C}.Debug|Any CPU.ActiveCfg = Debug|Any CPU
		{76BE66A6-C5D0-4076-AC1E-4EDE54EFA61C}.Debug|Any CPU.Build.0 = Debug|Any CPU
		{76BE66A6-C5D0-4076-AC1E-4EDE54EFA61C}.Debug|x64.ActiveCfg = Debug|Any CPU
		{76BE66A6-C5D0-4076-AC1E-4EDE54EFA61C}.Debug|x64.Build.0 = Debug|Any CPU
		{76BE66A6-C5D0-4076-AC1E-4EDE54EFA61C}.Debug|x86.ActiveCfg = Debug|Any CPU
		{76BE66A6-C5D0-4076-AC1E-4EDE54EFA61C}.Debug|x86.Build.0 = Debug|Any CPU
		{76BE66A6-C5D0-4076-AC1E-4EDE54EFA61C}.Release|Any CPU.ActiveCfg = Release|Any CPU
		{76BE66A6-C5D0-4076-AC1E-4EDE54EFA61C}.Release|Any CPU.Build.0 = Release|Any CPU
		{76BE66A6-C5D0-4076-AC1E-4EDE54EFA61C}.Release|x64.ActiveCfg = Release|Any CPU
		{76BE66A6-C5D0-4076-AC1E-4EDE54EFA61C}.Release|x64.Build.0 = Release|Any CPU
		{76BE66A6-C5D0-4076-AC1E-4EDE54EFA61C}.Release|x86.ActiveCfg = Release|Any CPU
		{76BE66A6-C5D0-4076-AC1E-4EDE54EFA61C}.Release|x86.Build.0 = Release|Any CPU
		{CC053C29-93A0-4554-9C47-3993DEA8983B}.Debug|Any CPU.ActiveCfg = Debug|Any CPU
		{CC053C29-93A0-4554-9C47-3993DEA8983B}.Debug|Any CPU.Build.0 = Debug|Any CPU
		{CC053C29-93A0-4554-9C47-3993DEA8983B}.Debug|x64.ActiveCfg = Debug|Any CPU
		{CC053C29-93A0-4554-9C47-3993DEA8983B}.Debug|x64.Build.0 = Debug|Any CPU
		{CC053C29-93A0-4554-9C47-3993DEA8983B}.Debug|x86.ActiveCfg = Debug|Any CPU
		{CC053C29-93A0-4554-9C47-3993DEA8983B}.Debug|x86.Build.0 = Debug|Any CPU
		{CC053C29-93A0-4554-9C47-3993DEA8983B}.Release|Any CPU.ActiveCfg = Release|Any CPU
		{CC053C29-93A0-4554-9C47-3993DEA8983B}.Release|Any CPU.Build.0 = Release|Any CPU
		{CC053C29-93A0-4554-9C47-3993DEA8983B}.Release|x64.ActiveCfg = Release|Any CPU
		{CC053C29-93A0-4554-9C47-3993DEA8983B}.Release|x64.Build.0 = Release|Any CPU
		{CC053C29-93A0-4554-9C47-3993DEA8983B}.Release|x86.ActiveCfg = Release|Any CPU
		{CC053C29-93A0-4554-9C47-3993DEA8983B}.Release|x86.Build.0 = Release|Any CPU
		{055A0092-8829-4012-A503-2AD37BC13EE6}.Debug|Any CPU.ActiveCfg = Debug|Any CPU
		{055A0092-8829-4012-A503-2AD37BC13EE6}.Debug|Any CPU.Build.0 = Debug|Any CPU
		{055A0092-8829-4012-A503-2AD37BC13EE6}.Debug|x64.ActiveCfg = Debug|Any CPU
		{055A0092-8829-4012-A503-2AD37BC13EE6}.Debug|x64.Build.0 = Debug|Any CPU
		{055A0092-8829-4012-A503-2AD37BC13EE6}.Debug|x86.ActiveCfg = Debug|Any CPU
		{055A0092-8829-4012-A503-2AD37BC13EE6}.Debug|x86.Build.0 = Debug|Any CPU
		{055A0092-8829-4012-A503-2AD37BC13EE6}.Release|Any CPU.ActiveCfg = Release|Any CPU
		{055A0092-8829-4012-A503-2AD37BC13EE6}.Release|Any CPU.Build.0 = Release|Any CPU
		{055A0092-8829-4012-A503-2AD37BC13EE6}.Release|x64.ActiveCfg = Release|Any CPU
		{055A0092-8829-4012-A503-2AD37BC13EE6}.Release|x64.Build.0 = Release|Any CPU
		{055A0092-8829-4012-A503-2AD37BC13EE6}.Release|x86.ActiveCfg = Release|Any CPU
		{055A0092-8829-4012-A503-2AD37BC13EE6}.Release|x86.Build.0 = Release|Any CPU
		{4B80E0A6-7C9F-4FBA-A2CD-49300A08B5CC}.Debug|Any CPU.ActiveCfg = Debug|Any CPU
		{4B80E0A6-7C9F-4FBA-A2CD-49300A08B5CC}.Debug|Any CPU.Build.0 = Debug|Any CPU
		{4B80E0A6-7C9F-4FBA-A2CD-49300A08B5CC}.Debug|x64.ActiveCfg = Debug|Any CPU
		{4B80E0A6-7C9F-4FBA-A2CD-49300A08B5CC}.Debug|x64.Build.0 = Debug|Any CPU
		{4B80E0A6-7C9F-4FBA-A2CD-49300A08B5CC}.Debug|x86.ActiveCfg = Debug|Any CPU
		{4B80E0A6-7C9F-4FBA-A2CD-49300A08B5CC}.Debug|x86.Build.0 = Debug|Any CPU
		{4B80E0A6-7C9F-4FBA-A2CD-49300A08B5CC}.Release|Any CPU.ActiveCfg = Release|Any CPU
		{4B80E0A6-7C9F-4FBA-A2CD-49300A08B5CC}.Release|Any CPU.Build.0 = Release|Any CPU
		{4B80E0A6-7C9F-4FBA-A2CD-49300A08B5CC}.Release|x64.ActiveCfg = Release|Any CPU
		{4B80E0A6-7C9F-4FBA-A2CD-49300A08B5CC}.Release|x64.Build.0 = Release|Any CPU
		{4B80E0A6-7C9F-4FBA-A2CD-49300A08B5CC}.Release|x86.ActiveCfg = Release|Any CPU
		{4B80E0A6-7C9F-4FBA-A2CD-49300A08B5CC}.Release|x86.Build.0 = Release|Any CPU
		{012E0D37-1AE9-4834-B526-EDA78BA4EB96}.Debug|Any CPU.ActiveCfg = Debug|Any CPU
		{012E0D37-1AE9-4834-B526-EDA78BA4EB96}.Debug|Any CPU.Build.0 = Debug|Any CPU
		{012E0D37-1AE9-4834-B526-EDA78BA4EB96}.Debug|x64.ActiveCfg = Debug|Any CPU
		{012E0D37-1AE9-4834-B526-EDA78BA4EB96}.Debug|x64.Build.0 = Debug|Any CPU
		{012E0D37-1AE9-4834-B526-EDA78BA4EB96}.Debug|x86.ActiveCfg = Debug|Any CPU
		{012E0D37-1AE9-4834-B526-EDA78BA4EB96}.Debug|x86.Build.0 = Debug|Any CPU
		{012E0D37-1AE9-4834-B526-EDA78BA4EB96}.Release|Any CPU.ActiveCfg = Release|Any CPU
		{012E0D37-1AE9-4834-B526-EDA78BA4EB96}.Release|Any CPU.Build.0 = Release|Any CPU
		{012E0D37-1AE9-4834-B526-EDA78BA4EB96}.Release|x64.ActiveCfg = Release|Any CPU
		{012E0D37-1AE9-4834-B526-EDA78BA4EB96}.Release|x64.Build.0 = Release|Any CPU
		{012E0D37-1AE9-4834-B526-EDA78BA4EB96}.Release|x86.ActiveCfg = Release|Any CPU
		{012E0D37-1AE9-4834-B526-EDA78BA4EB96}.Release|x86.Build.0 = Release|Any CPU
	EndGlobalSection
	GlobalSection(SolutionProperties) = preSolution
		HideSolutionNode = FALSE
	EndGlobalSection
	GlobalSection(NestedProjects) = preSolution
		{352D31A7-6967-4151-B819-2AFB323E9B6A} = {827E0CD3-B72D-47B6-A68D-7590B98EB39B}
		{EA0D33CB-9AA1-4EBB-9E65-39C74FE1A82E} = {827E0CD3-B72D-47B6-A68D-7590B98EB39B}
		{76BE66A6-C5D0-4076-AC1E-4EDE54EFA61C} = {827E0CD3-B72D-47B6-A68D-7590B98EB39B}
		{CC053C29-93A0-4554-9C47-3993DEA8983B} = {827E0CD3-B72D-47B6-A68D-7590B98EB39B}
		{055A0092-8829-4012-A503-2AD37BC13EE6} = {827E0CD3-B72D-47B6-A68D-7590B98EB39B}
		{4B80E0A6-7C9F-4FBA-A2CD-49300A08B5CC} = {0AB3BF05-4346-4AA6-1389-037BE0695223}
		{012E0D37-1AE9-4834-B526-EDA78BA4EB96} = {0AB3BF05-4346-4AA6-1389-037BE0695223}
	EndGlobalSection
EndGlobal
